gioui.org v0.2.0 h1:RbzDn1h/pCVf/q44ImQSa/J3MIFpY3OWphzT/Tyei+w=
gioui.org v0.2.0/go.mod h1:1H72sKEk/fNFV+l0JNeM2Dt3co3Y4uaQcD+I+/GQ0e4=
gioui.org/cpu v0.0.0-20210808092351-bfe733dd3334/go.mod h1:A8M0Cn5o+vY5LTMlnRoK3O5kG+rH0kWfJjeKd9QpBmQ=
gioui.org/cpu v0.0.0-20220412190645-f1e9e8c3b1f7 h1:tNJdnP5CgM39PRc+KWmBRRYX/zJ+rd5XaYxY5d5veqA=
gioui.org/cpu v0.0.0-20220412190645-f1e9e8c3b1f7/go.mod h1:A8M0Cn5o+vY5LTMlnRoK3O5kG+rH0kWfJjeKd9QpBmQ=
gioui.org/shader v1.0.6 h1:cvZmU+eODFR2545X+/8XucgZdTtEjR3QWW6W65b0q5Y=
gioui.org/shader v1.0.6/go.mod h1:mWdiME581d/kV7/iEhLmUgUK5iZ09XR5XpduXzbePVM=
gioui.org/x v0.2.0 h1:/MbdjKH19F16auv19UiQxli2n6BYPw7eyh9XBOTgmEw=
gioui.org/x v0.2.0/go.mod h1:rCGN2nZ8ZHqrtseJoQxCMZpt2xrZUrdZ2WuMRLBJmYs=
git.sr.ht/~sbinet/gg v0.5.0 h1:6V43j30HM623V329xA9Ntq+WJrMjDxRjuAB1LFWF5m8=
git.sr.ht/~sbinet/gg v0.5.0/go.mod h1:G2C0eRESqlKhS7ErsNey6HHrqU1PwsnCQlekFi9Q2Oo=
github.com/BurntSushi/toml v0.3.1/go.mod h1:xHWCNGjB5oqiDr8zfno3MHue2Ht5sIBksp03qcyfWMU=
github.com/ajstarks/deck v0.0.0-20200831202436-30c9fc6549a9/go.mod h1:JynElWSGnm/4RlzPXRlREEwqTHAN3T56Bv2ITsFT3gY=
github.com/ajstarks/deck/generate v0.0.0-20210309230005-c3f852c02e19/go.mod h1:T13YZdzov6OU0A1+RfKZiZN9ca6VeKdBdyDV+BY97Tk=
github.com/ajstarks/svgo v0.0.0-20211024235047-1546f124cd8b h1:slYM766cy2nI3BwyRiyQj/Ud48djTMtMebDqepE95rw=
github.com/ajstarks/svgo v0.0.0-20211024235047-1546f124cd8b/go.mod h1:1KcenG0jGWcpt8ov532z81sp/kMMUG485J2InIOyADM=
github.com/andybalholm/stroke v0.0.0-20221221101821-bd29b49d73f0 h1:uF5Q/hWnDU1XZeT6CsrRSxHLroUSEYYO3kgES+yd+So=
github.com/andybalholm/stroke v0.0.0-20221221101821-bd29b49d73f0/go.mod h1:ccdDYaY5+gO+cbnQdFxEXqfy0RkoV25H3jLXUDNM3wg=
github.com/campoy/embedmd v1.0.0 h1:V4kI2qTJJLf4J29RzI/MAt2c3Bl4dQSYPuflzwFH2hY=
github.com/campoy/embedmd v1.0.0/go.mod h1:oxyr9RCiSXg0M3VJ3ks0UGfp98BpSSGr0kpiX3MzVl8=
github.com/chzyer/logex v1.1.10/go.mod h1:+Ywpsq7O8HXn0nuIou7OrIPyXbp3wmkHB+jjWRnGsAI=
github.com/chzyer/readline v0.0.0-20180603132655-2972be24d48e h1:fY5BOSpyZCqRo5OhCuC+XN+r/bBCmeuuJtjz+bCNIf8=
github.com/chzyer/readline v0.0.0-20180603132655-2972be24d48e/go.mod h1:nSuG5e5PlCu98SY8svDHJxuZscDgtXS6KTTbou5AhLI=
github.com/chzyer/test v0.0.0-20180213035817-a1ea475d72b1/go.mod h1:Q3SI9o4m/ZMnBNeIyt5eFwwo7qiLfzFZmjNmxjkiQlU=
github.com/cpuguy83/go-md2man/v2 v2.0.2 h1:p1EgwI/C7NhT0JmVkwCD2ZBK8j4aeHQX2pMHHBfMQ6w=
github.com/cpuguy83/go-md2man/v2 v2.0.2/go.mod h1:tgQtvFlXSQOSOSIRvRPT7W67SCa46tRHOmNcaadrF8o=
github.com/davecgh/go-spew v1.1.0/go.mod h1:J7Y8YcW2NihsgmVo/mv3lAwl/skON4iLHjSsI+c5H38=
github.com/flopp/go-coordsparser v0.0.0-20201115094714-8baaeb7062d5 h1:o5yuyiGtJ4c9ECOq12K6EqsQNnsGF6I+WqBZynB2Hlw=
github.com/flopp/go-coordsparser v0.0.0-20201115094714-8baaeb7062d5/go.mod h1:t5EAdR9sDhKR06Ix2ZS/8jt8INpzeV3P5uVyEkCDYJc=
github.com/flopp/go-staticmaps v0.0.0-20220221183018-c226716bec53 h1:bpgLIxOpmht6HkBsajYmp+CvNAtdXnb+uGZQw3pIxtU=
github.com/flopp/go-staticmaps v0.0.0-20220221183018-c226716bec53/go.mod h1:vGgI6wKa1TTiN9iumpzYZgNc/C7KxqsZbw9OH8O10iQ=
github.com/fogleman/gg v1.3.0 h1:/7zJX8F6AaYQc57WQCyN9cAIz+4bCJGO9B+dyW29am8=
github.com/fogleman/gg v1.3.0/go.mod h1:R/bRT+9gY/C5z7JzPU0zXsXHKM4/ayA+zqcVNZzPa1k=
github.com/go-fonts/liberation v0.3.1 h1:9RPT2NhUpxQ7ukUvz3jeUckmN42T9D9TpjtQcqK/ceM=
github.com/go-fonts/liberation v0.3.1/go.mod h1:jdJ+cqF+F4SUL2V+qxBth8fvBpBDS7yloUL5Fi8GTGY=
github.com/go-latex/latex v0.0.0-20230307184459-12ec69307ad9 h1:NxXI5pTAtpEaU49bpLpQoDsu1zrteW/vxzTz8Cd2UAs=
github.com/go-latex/latex v0.0.0-20230307184459-12ec69307ad9/go.mod h1:gWuR/CrFDDeVRFQwHPvsv9soJVB/iqymhuZQuJ3a9OM=
github.com/go-pdf/fpdf v0.8.0 h1:IJKpdaagnWUeSkUFUjTcSzTppFxmv8ucGQyNPQWxYOQ=
github.com/go-pdf/fpdf v0.8.0/go.mod h1:gfqhcNwXrsd3XYKte9a7vM3smvU/jB4ZRDrmWSxpfdc=
github.com/go-text/typesetting v0.0.0-20230803102845-24e03d8b5372 h1:FQivqchis6bE2/9uF70M2gmmLpe82esEm2QadL0TEJo=
github.com/go-text/typesetting v0.0.0-20230803102845-24e03d8b5372/go.mod h1:evDBbvNR/KaVFZ2ZlDSOWWXIUKq0wCOEtzLxRM8SG3k=
github.com/golang/freetype v0.0.0-20170609003504-e2365dfdc4a0 h1:DACJavvAHhabrF08vX0COfcOBJRhZ8lUbR+ZWIs0Y5g=
github.com/golang/freetype v0.0.0-20170609003504-e2365dfdc4a0/go.mod h1:E/TSTwGwJL78qG/PmXZO1EjYhfJinVAhrmmHX6Z8B9k=
github.com/golang/geo v0.0.0-20210211234256-740aa86cb551/go.mod h1:QZ0nwyI2jOfgRAoBvP+ab5aRr7c9x7lhGEJrKvBwjWI=
github.com/golang/geo v0.0.0-20230421003525-6adc56603217 h1:HKlyj6in2JV6wVkmQ4XmG/EIm+SCYlPZ+V4GWit7Z+I=
github.com/golang/geo v0.0.0-20230421003525-6adc56603217/go.mod h1:8wI0hitZ3a1IxZfeH3/5I97CI8i5cLGsYe7xNhQGs9U=
github.com/jessevdk/go-flags v1.5.0/go.mod h1:Fw0T6WPc1dYxT4mKEZRfG5kJhaTDP9pj1c2EWnYs/m4=
github.com/jinzhu/inflection v1.0.0 h1:K317FqzuhWc8YvSVlFMCCUb36O/S9MCKRDI7QkRKD/E=
github.com/jinzhu/inflection v1.0.0/go.mod h1:h+uFLlag+Qp1Va5pdKtLDYj+kHp5pxUVkryuEj+Srlc=
github.com/jinzhu/now v1.1.5 h1:/o9tlHleP7gOFmsnYNz3RGnqzefHA47wQpKrrdTIwXQ=
github.com/jinzhu/now v1.1.5/go.mod h1:d3SSVoowX0Lcu0IBviAWJpolVfI5UJVZZ7cO71lE/z8=
github.com/joeshaw/gengen v0.0.0-20190604015154-c77d87825f5a/go.mod h1:v2qvRL8Xwk4OlARK6gPlf2JreZXzv0dYp/8+kUJ0y7Q=
github.com/kisielk/gotool v1.0.0/go.mod h1:XhKaO+MFFWcvkIS/tQcRk01m1F5IRFswLeQ+oQHNcck=
github.com/manifoldco/promptui v0.9.0 h1:3V4HzJk1TtXW1MTZMP7mdlwbBpIinw3HztaIlYthEiA=
github.com/manifoldco/promptui v0.9.0/go.mod h1:ka04sppxSGFAtxX0qhlYQjISsg9mR4GWtQEhdbn6Pgg=
github.com/mattn/go-sqlite3 v1.14.17 h1:mCRHCLDUBXgpKAqIKsaAaAsrAlbkeomtRFKXh2L6YIM=
github.com/mattn/go-sqlite3 v1.14.17/go.mod h1:2eHXhiwb8IkHr+BDWZGa96P6+rkvnG63S2DGjv9HUNg=
github.com/pmezard/go-difflib v1.0.0 h1:4DBwDE0NGyQoBHbLQYPwSUPoCMWR5BEzIk/f1lZbAQM=
github.com/pmezard/go-difflib v1.0.0/go.mod h1:iKH77koFhYxTK1pcRnkKkqfTogsbg7gZNVY4sRDYZ/4=
github.com/russross/blackfriday/v2 v2.1.0 h1:JIOH55/0cWyOuilr9/qlrm0BSXldqnqwMsf35Ld67mk=
github.com/russross/blackfriday/v2 v2.1.0/go.mod h1:+Rmxgy9KzJVeS9/2gXHxylqXiyQDYRxCVz55jmeOWTM=
github.com/stretchr/objx v0.1.0/go.mod h1:HFkY916IF+rwdDfMAkV7OtwuqBVzrE8GR6GFx+wExME=
github.com/stretchr/testify v1.7.0/go.mod h1:6Fq8oRcR53rry900zMqJjRRixrwX3KX962/h/Wwjteg=
github.com/tkrajina/gpxgo v1.1.2/go.mod h1:795sjVRFo5wWyN6oOZp0RYienGGBJjpAlgOz2nCngA0=
github.com/tkrajina/gpxgo v1.3.1 h1:b9x0OgF0YqEtLKQoWC6SeCKy4OWUWSt9uzCDPKTI2LY=
github.com/tkrajina/gpxgo v1.3.1/go.mod h1:795sjVRFo5wWyN6oOZp0RYienGGBJjpAlgOz2nCngA0=
github.com/urfave/cli/v3 v3.0.0-alpha4 h1:RJFGIs3mcalmc2YgliDh0Pa4l79S+Dqdz7cW8Fcp7Rg=
github.com/urfave/cli/v3 v3.0.0-alpha4/go.mod h1:ZFqSEHhze0duJACOdz43I5IcnKhf4RoTlOoUMBUggOI=
github.com/xrash/smetrics v0.0.0-20201216005158-039620a65673 h1:bAn7/zixMGCfxrRTfdpNzjtPYqr8smhKouy9mxVdGPU=
github.com/xrash/smetrics v0.0.0-20201216005158-039620a65673/go.mod h1:N3UwUGtsrSj3ccvlPHLoLsHnpR27oXr4ZE984MbSER8=
github.com/yuin/goldmark v1.2.1/go.mod h1:3hX8gzYuyVAZsxl0MRgGTJEmQBFcNTphYh9decYSb74=
golang.org/x/crypto v0.0.0-20190308221718-c2843e01d9a2/go.mod h1:djNgcEr1/C05ACkg1iLfiJU5Ep61QUkGW8qpdssI0+w=
golang.org/x/crypto v0.0.0-20191011191535-87dc89f01550/go.mod h1:yigFU9vqHzYiE8UmvKecakEJjdnWj3jj499lnFckfCI=
golang.org/x/crypto v0.0.0-20200622213623-75b288015ac9/go.mod h1:LzIPMQfyMNhhGPhUkYOs5KpL4U8rLKemX1yGLhDgUto=
golang.org/x/exp v0.0.0-20230801115018-d63ba01acd4b h1:r+vk0EmXNmekl0S0BascoeeoHk/L7wmaW2QF90K+kYI=
golang.org/x/exp v0.0.0-20230801115018-d63ba01acd4b/go.mod h1:FXUEEKJgO7OQYeo8N01OfiKP8RXMtf6e8aTskBGqWdc=
golang.org/x/exp/shiny v0.0.0-20230801115018-d63ba01acd4b h1:sgkbz1SFTsoQIvzTIw45hccUcGocu00QM3qucBYV8b0=
golang.org/x/exp/shiny v0.0.0-20230801115018-d63ba01acd4b/go.mod h1:UH99kUObWAZkDnWqppdQe5ZhPYESUw8I0zVV1uWBR+0=
golang.org/x/image v0.0.0-20210628002857-a66eb6448b8d/go.mod h1:023OzeP/+EPmXeapQh35lcL3II3LrY8Ic+EFFKVhULM=
golang.org/x/image v0.14.0 h1:tNgSxAFe3jC4uYqvZdTr84SZoM1KfwdC9SKIFrLjFn4=
golang.org/x/image v0.14.0/go.mod h1:HUYqC05R2ZcZ3ejNQsIHQDQiwWM4JBqmm6MKANTp4LE=
golang.org/x/mod v0.3.0/go.mod h1:s0Qsj1ACt9ePp/hMypM3fl4fZqREWJwdYDEqhRiZZUA=
golang.org/x/net v0.0.0-20190311183353-d8887717615a/go.mod h1:t9HGtf8HONx5eT2rtn7q6eTqICYqUVnKs3thJo3Qplg=
golang.org/x/net v0.0.0-20190404232315-eb5bcb51f2a3/go.mod h1:t9HGtf8HONx5eT2rtn7q6eTqICYqUVnKs3thJo3Qplg=
golang.org/x/net v0.0.0-20190620200207-3b0461eec859/go.mod h1:z5CRVTTTmAJ677TzLLGU+0bjPO0LkuOLi4/5GtJWs/s=
golang.org/x/net v0.0.0-20201021035429-f5854403a974/go.mod h1:sp8m0HH+o8qH0wwXwYZr8TS3Oi6o0r6Gce1SSxlDquU=
golang.org/x/net v0.0.0-20210614182718-04defd469f4e/go.mod h1:9nx3DQGgdP8bBQD5qxJ1jj9UTztislL4KSBs9R2vV5Y=
golang.org/x/net v0.17.0 h1:pVaXccu2ozPjCXewfr1S7xza/zcXTity9cCdXQYSjIM=
golang.org/x/net v0.17.0/go.mod h1:NxSsAGuq816PNPmqtQdLE42eU2Fs7NoRIZrHJAlaCOE=
golang.org/x/sync v0.0.0-20190423024810-112230192c58/go.mod h1:RxMgew5VJxzue5/jJTE5uejpjVlOe/izrB70Jof72aM=
golang.org/x/sync v0.0.0-20201020160332-67f06af15bc9/go.mod h1:RxMgew5VJxzue5/jJTE5uejpjVlOe/izrB70Jof72aM=
golang.org/x/sys v0.0.0-20181122145206-62eef0e2fa9b h1:MQE+LT/ABUuuvEZ+YQAMSXindAdUh7slEmAkup74op4=
golang.org/x/sys v0.0.0-20181122145206-62eef0e2fa9b/go.mod h1:STP8DvDyc/dI5b8T5hshtkjS+E42TnysNCUPdjciGhY=
golang.org/x/sys v0.0.0-20190215142949-d0b11bdaac8a/go.mod h1:STP8DvDyc/dI5b8T5hshtkjS+E42TnysNCUPdjciGhY=
golang.org/x/sys v0.0.0-20190412213103-97732733099d/go.mod h1:h1NjWce9XRLGQEsW7wpKNCjG9DtNlClVuFLEZdDNbEs=
golang.org/x/sys v0.0.0-20200930185726-fdedc70b468f/go.mod h1:h1NjWce9XRLGQEsW7wpKNCjG9DtNlClVuFLEZdDNbEs=
golang.org/x/sys v0.0.0-20201119102817-f84b799fce68/go.mod h1:h1NjWce9XRLGQEsW7wpKNCjG9DtNlClVuFLEZdDNbEs=
golang.org/x/sys v0.0.0-20210119212857-b64e53b001e4/go.mod h1:h1NjWce9XRLGQEsW7wpKNCjG9DtNlClVuFLEZdDNbEs=
golang.org/x/sys v0.0.0-20210320140829-1e4c9ba3b0c4/go.mod h1:h1NjWce9XRLGQEsW7wpKNCjG9DtNlClVuFLEZdDNbEs=
golang.org/x/sys v0.0.0-20210423082822-04245dca01da/go.mod h1:h1NjWce9XRLGQEsW7wpKNCjG9DtNlClVuFLEZdDNbEs=
golang.org/x/sys v0.11.0 h1:eG7RXZHdqOJ1i+0lgLgCpSXAp6M3LYlAo6osgSi0xOM=
golang.org/x/sys v0.11.0/go.mod h1:oPkhp1MJrh7nUepCBck5+mAzfO9JrbApNNgaTdGDITg=
golang.org/x/sys v0.13.0/go.mod h1:oPkhp1MJrh7nUepCBck5+mAzfO9JrbApNNgaTdGDITg=
golang.org/x/term v0.0.0-20201126162022-7de9c90e9dd1/go.mod h1:bj7SfCRtBDWHUb9snDiAeCFNEtKQo2Wmx5Cou7ajbmo=
golang.org/x/text v0.3.0/go.mod h1:NqM8EUOU14njkJ3fqMW+pc6Ldnwhi/IjpwHt7yyuwOQ=
golang.org/x/text v0.3.3/go.mod h1:5Zoc/QRtKVWzQhOtBMvqHzDpF6irO9z98xDceosuGiQ=
golang.org/x/text v0.3.6/go.mod h1:5Zoc/QRtKVWzQhOtBMvqHzDpF6irO9z98xDceosuGiQ=
golang.org/x/text v0.14.0 h1:ScX5w1eTa3QqT8oi6+ziP7dTV1S2+ALU0bI+0zXKWiQ=
golang.org/x/text v0.14.0/go.mod h1:18ZOQIKpY8NJVqYksKHtTdi31H5itFRjB5/qKTNYzSU=
golang.org/x/tools v0.0.0-20180917221912-90fa682c2a6e/go.mod h1:n7NCudcB/nEzxVGmLbDWY5pfWTLqBcC2KZ6jyYvM4mQ=
golang.org/x/tools v0.0.0-20190603231351-8aaa1484dc10/go.mod h1:/rFqwRUd4F7ZHNgwSSTFct+R/Kf4OFW1sUzUTQQTgfc=
golang.org/x/tools v0.0.0-20191119224855-298f0cb1881e/go.mod h1:b+2E5dAYhXwXZwtnZ6UAqBI28+e2cm9otk0dWdXHAEo=
golang.org/x/tools v0.1.0/go.mod h1:xkSsbof2nBLbhDlRMhhhyNLN/zl3eTqcnHD5viDpcZ0=
golang.org/x/xerrors v0.0.0-20190717185122-a985d3407aa7/go.mod h1:I/5z698sn9Ka8TeJc9MKroUUfqBBauWjQqLJ2OPfmY0=
golang.org/x/xerrors v0.0.0-20191011141410-1b5146add898/go.mod h1:I/5z698sn9Ka8TeJc9MKroUUfqBBauWjQqLJ2OPfmY0=
golang.org/x/xerrors v0.0.0-20200804184101-5ec99f83aff1/go.mod h1:I/5z698sn9Ka8TeJc9MKroUUfqBBauWjQqLJ2OPfmY0=
gonum.org/v1/plot v0.14.0 h1:+LBDVFYwFe4LHhdP8coW6296MBEY4nQ+Y4vuUpJopcE=
gonum.org/v1/plot v0.14.0/go.mod h1:MLdR9424SJed+5VqC6MsouEpig9pZX2VZ57H9ko2bXU=
gopkg.in/check.v1 v0.0.0-20161208181325-20d25e280405/go.mod h1:Co6ibVJAznAaIkqp8huTwlJQCZ016jof/cbN4VW5Yz0=
gopkg.in/yaml.v3 v3.0.0-20200313102051-9f266ea9e77c/go.mod h1:K4uyk7z7BCEPqu6E+C64Yfv1cQ7kz7rIZviUmN+EgEM=
gopkg.in/yaml.v3 v3.0.1 h1:fxVm/GzAzEWqLHuvctI91KS9hhNmmWOoWu0XTYJS7CA=
gopkg.in/yaml.v3 v3.0.1/go.mod h1:K4uyk7z7BCEPqu6E+C64Yfv1cQ7kz7rIZviUmN+EgEM=
gorm.io/driver/sqlite v1.5.4 h1:IqXwXi8M/ZlPzH/947tn5uik3aYQslP9BVveoax0nV0=
gorm.io/driver/sqlite v1.5.4/go.mod h1:qxAuCol+2r6PannQDpOP1FP6ag3mKi4esLnB/jHed+4=
gorm.io/gorm v1.25.5 h1:zR9lOiiYf09VNh5Q1gphfyia1JpiClIWG9hQaxB/mls=
gorm.io/gorm v1.25.5/go.mod h1:hbnx/Oo0ChWMn1BIhpy1oYozzpM15i4YPuHDmfYtwg8=
honnef.co/go/tools v0.1.3/go.mod h1:NgwopIslSNH47DimFoV78dnkksY2EFtX0ajyb3K/las=
rsc.io/pdf v0.1.1 h1:k1MczvYDUvJBe93bYd7wrZLLUEcLZAuF824/I4e5Xr4=
rsc.io/pdf v0.1.1/go.mod h1:n8OzWcQ6Sp37PL01nO98y4iUCRdTGarVfzxY20ICaU4=
